
Microsoft Visual Studio Solution File, Format Version 12.00
# Visual Studio Version 17
VisualStudioVersion = 17.4.33213.308
MinimumVisualStudioVersion = 10.0.40219.1
Project("{FAE04EC0-301F-11D3-BF4B-00C04F79EFBC}") = "Lab1", "Lab1\Lab1.csproj", "{916E68F1-0067-46C3-A946-6AAA062F8C14}"
EndProject
Global
	GlobalSection(SolutionConfigurationPlatforms) = preSolution
		Debug|Any CPU = Debug|Any CPU
		Release|Any CPU = Release|Any CPU
	EndGlobalSection
	GlobalSection(ProjectConfigurationPlatforms) = postSolution
		{916E68F1-0067-46C3-A946-6AAA062F8C14}.Debug|Any CPU.ActiveCfg = Debug|Any CPU
		{916E68F1-0067-46C3-A946-6AAA062F8C14}.Debug|Any CPU.Build.0 = Debug|Any CPU
		{916E68F1-0067-46C3-A946-6AAA062F8C14}.Release|Any CPU.ActiveCfg = Release|Any CPU
		{916E68F1-0067-46C3-A946-6AAA062F8C14}.Release|Any CPU.Build.0 = Release|Any CPU
	EndGlobalSection
	GlobalSection(SolutionProperties) = preSolution
		HideSolutionNode = FALSE
	EndGlobalSection
	GlobalSection(ExtensibilityGlobals) = postSolution
		SolutionGuid = {2A3DA481-D694-4BF1-AF9A-06BB942F4B99}
	EndGlobalSection
EndGlobal
